#MicroXplorer Configuration settings - do not modify
Mcu.Family=STM32F7
ProjectManager.MainLocation=Core/Src
RCC.I2SFreq_Value=96000000
CAN2.CalculateBaudRate=333333
PA6.Mode=Full_Duplex_Master
ProjectManager.ProjectFileName=VCU-V1.ioc
RCC.SAI1Freq_Value=96000000
PA7.Mode=Full_Duplex_Master
ProjectManager.KeepUserCode=true
Mcu.UserName=STM32F745VGTx
Mcu.PinsNb=27
SPI1.VirtualType=VM_MASTER
SPI2.VirtualType=VM_MASTER
PB10.Mode=Full_Duplex_Master
ProjectManager.NoMain=false
SPI1.IPParameters=VirtualType,Mode,Direction,CalculateBaudRate
CAN2.CalculateTimeBit=3000.00
RCC.PLLCLKFreq_Value=96000000
PC11.Signal=QUADSPI_BK2_NCS
CAN1.IPParameters=CalculateTimeQuantum,CalculateTimeBit,CalculateBaudRate
RCC.PLLQCLKFreq_Value=96000000
CAN1.CalculateBaudRate=333333
CAN2.IPParameters=CalculateTimeQuantum,CalculateTimeBit,CalculateBaudRate
ProjectManager.functionlistsort=2-SystemClock_Config-RCC-false-HAL-false,1-MX_CORTEX_M7_Init-CORTEX_M7-false-HAL-true
PC2.Signal=SPI2_MISO
PE10.Mode=Single Bank 2
PA11.Mode=CAN_Activate
ProjectManager.DefaultFWLocation=true
PC2.Mode=Full_Duplex_Master
RCC.PLLI2SRCLKFreq_Value=96000000
ProjectManager.DeletePrevious=true
PB14.Locked=true
PB13.Signal=CAN2_TX
PB15.Signal=GPIO_Output
PinOutPanel.RotationAngle=0
RCC.FamilyName=M
ProjectManager.StackSize=0x400
PE8.Mode=Single Bank 2
PA13.Signal=SYS_JTMS-SWDIO
Mcu.IP4=QUADSPI
Mcu.IP5=RCC
Mcu.IP2=CORTEX_M7
NVIC.SVCall_IRQn=true\:0\:0\:false\:false\:true\:false\:false
Mcu.IP3=NVIC
Mcu.IP0=CAN1
Mcu.IP1=CAN2
PA12.Signal=CAN1_TX
Mcu.UserConstants=
ProjectManager.TargetToolchain=STM32CubeIDE
RCC.SDMMCFreq_Value=16000000
Mcu.ThirdPartyNb=0
SPI1.Direction=SPI_DIRECTION_2LINES
PH0/OSC_IN.Mode=HSE-External-Oscillator
Mcu.IPNb=9
ProjectManager.PreviousToolchain=
PA9.Signal=GPIO_Output
RCC.SPDIFRXFreq_Value=96000000
PH1/OSC_OUT.Signal=RCC_OSC_OUT
SPI1.CalculateBaudRate=8.0 MBits/s
SPI2.IPParameters=VirtualType,Mode,Direction,CalculateBaudRate
Mcu.Pin6=PA7
RCC.SAI2Freq_Value=96000000
Mcu.Pin7=PB2
ProjectManager.RegisterCallBack=
Mcu.Pin8=PE7
RCC.USBFreq_Value=96000000
Mcu.Pin9=PE8
RCC.VCOSAIOutputFreq_Value=192000000
RCC.PLLSAIoutputFreq_Value=96000000
RCC.LSE_VALUE=32768
Mcu.Pin0=PH0/OSC_IN
Mcu.Pin1=PH1/OSC_OUT
GPIO.groupedBy=Group By Peripherals
Mcu.Pin2=PC1
PB10.Signal=SPI2_SCK
Mcu.Pin3=PC2
Mcu.Pin4=PA5
RCC.VCOI2SOutputFreq_Value=192000000
Mcu.Pin5=PA6
PB14.Signal=GPIO_Output
PA5.Signal=SPI1_SCK
RCC.PLLSAIRCLKFreq_Value=96000000
ProjectManager.ProjectBuild=false
RCC.HSE_VALUE=25000000
NVIC.UsageFault_IRQn=true\:0\:0\:false\:false\:true\:false\:false
NVIC.DebugMonitor_IRQn=true\:0\:0\:false\:false\:true\:false\:false
PB2.Signal=QUADSPI_CLK
PB3.Mode=JTAG_4_pins
RCC.PLLSAIPCLKFreq_Value=96000000
board=custom
RCC.VCOOutputFreq_Value=192000000
PA15.Mode=JTAG_4_pins
NVIC.SysTick_IRQn=true\:0\:0\:false\:false\:true\:false\:true
ProjectManager.LastFirmware=true
ProjectManager.FirmwarePackage=STM32Cube FW_F7 V1.16.1
PH0/OSC_IN.Signal=RCC_OSC_IN
MxDb.Version=DB.6.0.21
ProjectManager.BackupPrevious=false
MxCube.Version=6.2.1
RCC.VCOInputFreq_Value=1000000
PE8.Signal=QUADSPI_BK2_IO1
PE9.Signal=QUADSPI_BK2_IO2
RCC.PLLI2SPCLKFreq_Value=96000000
SPI1.Mode=SPI_MODE_MASTER
PA14.Mode=JTAG_4_pins
RCC.RNGFreq_Value=96000000
File.Version=6
VP_SYS_VS_Systick.Mode=SysTick
CAN2.CalculateTimeQuantum=1000.0
SPI2.CalculateBaudRate=8.0 MBits/s
PA9.Locked=true
NVIC.NonMaskableInt_IRQn=true\:0\:0\:false\:false\:true\:false\:false
NVIC.PendSV_IRQn=true\:0\:0\:false\:false\:true\:false\:false
PA13.Mode=JTAG_4_pins
ProjectManager.FreePins=false
RCC.IPParameters=CECFreq_Value,FamilyName,HSE_VALUE,HSI_VALUE,I2SFreq_Value,LSE_VALUE,LSI_VALUE,PLLCLKFreq_Value,PLLI2SPCLKFreq_Value,PLLI2SQCLKFreq_Value,PLLI2SRCLKFreq_Value,PLLQCLKFreq_Value,PLLSAIPCLKFreq_Value,PLLSAIQCLKFreq_Value,PLLSAIRCLKFreq_Value,PLLSAIoutputFreq_Value,RNGFreq_Value,SAI1Freq_Value,SAI2Freq_Value,SDMMCFreq_Value,SPDIFRXFreq_Value,USBFreq_Value,VCOI2SOutputFreq_Value,VCOInputFreq_Value,VCOOutputFreq_Value,VCOSAIOutputFreq_Value
PH1/OSC_OUT.Mode=HSE-External-Oscillator
PE10.Signal=QUADSPI_BK2_IO3
ProjectManager.AskForMigrate=true
Mcu.Name=STM32F745V(E-G)Tx
RCC.PLLI2SQCLKFreq_Value=96000000
ProjectManager.HalAssertFull=false
Mcu.Pin26=VP_SYS_VS_Systick
Mcu.Pin24=PC11
ProjectManager.ProjectName=VCU-V1
ProjectManager.UnderRoot=true
Mcu.Pin25=PB3
Mcu.IP8=SYS
Mcu.IP6=SPI1
Mcu.IP7=SPI2
ProjectManager.CoupleFile=false
PB3.Signal=SYS_JTDO-SWO
Mcu.Package=LQFP100
PE7.Mode=Single Bank 2
Mcu.Pin22=PA14
PA6.Signal=SPI1_MISO
Mcu.Pin23=PA15
PB12.Mode=CAN_Activate
Mcu.Pin20=PA12
Mcu.Pin21=PA13
SPI2.Mode=SPI_MODE_MASTER
PA12.Mode=CAN_Activate
PA10.Locked=true
NVIC.ForceEnableDMAVector=true
KeepUserPlacement=false
NVIC.MemoryManagement_IRQn=true\:0\:0\:false\:false\:true\:false\:false
PB2.Mode=Single Bank 2
ProjectManager.CompilerOptimize=6
ProjectManager.ToolChainLocation=
RCC.LSI_VALUE=32000
VP_SYS_VS_Systick.Signal=SYS_VS_Systick
PA11.Signal=CAN1_RX
PA10.Signal=GPIO_Output
PA14.Signal=SYS_JTCK-SWCLK
PA15.Signal=SYS_JTDI
ProjectManager.HeapSize=0x200
PE9.Mode=Single Bank 2
Mcu.Pin15=PB14
NVIC.HardFault_IRQn=true\:0\:0\:false\:false\:true\:false\:false
Mcu.Pin16=PB15
Mcu.Pin13=PB12
Mcu.Pin14=PB13
PC11.Mode=Single Bank 2
Mcu.Pin19=PA11
ProjectManager.ComputerToolchain=false
Mcu.Pin17=PA9
RCC.HSI_VALUE=16000000
Mcu.Pin18=PA10
NVIC.PriorityGroup=NVIC_PRIORITYGROUP_4
Mcu.Pin11=PE10
Mcu.Pin12=PB10
Mcu.Pin10=PE9
RCC.CECFreq_Value=32786.88524590164
NVIC.BusFault_IRQn=true\:0\:0\:false\:false\:true\:false\:false
SPI2.Direction=SPI_DIRECTION_2LINES
PB13.Mode=CAN_Activate
PE7.Signal=QUADSPI_BK2_IO0
CAN1.CalculateTimeBit=3000.00
ProjectManager.CustomerFirmwarePackage=
ProjectManager.DeviceId=STM32F745VGTx
PC1.Signal=SPI2_MOSI
PB12.Signal=CAN2_RX
ProjectManager.LibraryCopy=1
RCC.PLLSAIQCLKFreq_Value=96000000
PC1.Mode=Full_Duplex_Master
PB15.Locked=true
CAN1.CalculateTimeQuantum=1000.0
PA7.Signal=SPI1_MOSI
PA5.Mode=Full_Duplex_Master
isbadioc=false
